Microsoft Visual Studio Solution File, Format Version 12.00
# Visual Studio 15
VisualStudioVersion = 15.0.27004.2000
MinimumVisualStudioVersion = 10.0.40219.1
Project("{D954291E-2A0B-460D-934E-DC6B0785DB48}") = "NWDeafSchool", "NWDeafSchool\NWDeafSchool.shproj", "{7707F9B8-40F6-4FFD-AB7B-2667CD5EEB70}"
EndProject
Project("{FAE04EC0-301F-11D3-BF4B-00C04F79EFBC}") = "NWDeafSchool.iOS", "iOS\NWDeafSchool.iOS.csproj", "{43FE4424-4218-4B75-9A9B-AA322AE7E207}"
EndProject
Project("{FAE04EC0-301F-11D3-BF4B-00C04F79EFBC}") = "NWDeafSchool.Droid", "Droid\NWDeafSchool.Droid.csproj", "{B525B630-6EF7-449C-B8FA-54A999C7BD40}"
EndProject
Project("{FAE04EC0-301F-11D3-BF4B-00C04F79EFBC}") = "NWDeafSchool.UWP", "UWP\NWDeafSchool.UWP.csproj", "{7F1A5731-B5C9-4B1C-AA18-265F6593759E}"
EndProject
Project("{FAE04EC0-301F-11D3-BF4B-00C04F79EFBC}") = "NWDeafSchool.Web", "NWDeafSchool.Web\NWDeafSchool.Web.csproj", "{B81AF813-7415-4A51-9FAC-F9C516711EA5}"
EndProject
Global
	GlobalSection(SharedMSBuildProjectFiles) = preSolution
		NWDeafSchool\NWDeafSchool.projitems*{43fe4424-4218-4b75-9a9b-aa322ae7e207}*SharedItemsImports = 4
		NWDeafSchool\NWDeafSchool.projitems*{7707f9b8-40f6-4ffd-ab7b-2667cd5eeb70}*SharedItemsImports = 13
		NWDeafSchool\NWDeafSchool.projitems*{7f1a5731-b5c9-4b1c-aa18-265f6593759e}*SharedItemsImports = 4
		NWDeafSchool\NWDeafSchool.projitems*{b525b630-6ef7-449c-b8fa-54a999c7bd40}*SharedItemsImports = 4
	EndGlobalSection
	GlobalSection(SolutionConfigurationPlatforms) = preSolution
		Debug|Any CPU = Debug|Any CPU
		Debug|ARM = Debug|ARM
		Debug|iPhone = Debug|iPhone
		Debug|iPhoneSimulator = Debug|iPhoneSimulator
		Debug|x64 = Debug|x64
		Debug|x86 = Debug|x86
		Release|Any CPU = Release|Any CPU
		Release|ARM = Release|ARM
		Release|iPhone = Release|iPhone
		Release|iPhoneSimulator = Release|iPhoneSimulator
		Release|x64 = Release|x64
		Release|x86 = Release|x86
	EndGlobalSection
	GlobalSection(ProjectConfigurationPlatforms) = postSolution
		{43FE4424-4218-4B75-9A9B-AA322AE7E207}.Debug|Any CPU.ActiveCfg = Debug|iPhoneSimulator
		{43FE4424-4218-4B75-9A9B-AA322AE7E207}.Debug|Any CPU.Build.0 = Debug|iPhoneSimulator
		{43FE4424-4218-4B75-9A9B-AA322AE7E207}.Debug|ARM.ActiveCfg = Debug|iPhone
		{43FE4424-4218-4B75-9A9B-AA322AE7E207}.Debug|iPhone.ActiveCfg = Debug|iPhone
		{43FE4424-4218-4B75-9A9B-AA322AE7E207}.Debug|iPhone.Build.0 = Debug|iPhone
		{43FE4424-4218-4B75-9A9B-AA322AE7E207}.Debug|iPhoneSimulator.ActiveCfg = Debug|iPhoneSimulator
		{43FE4424-4218-4B75-9A9B-AA322AE7E207}.Debug|iPhoneSimulator.Build.0 = Debug|iPhoneSimulator
		{43FE4424-4218-4B75-9A9B-AA322AE7E207}.Debug|x64.ActiveCfg = Debug|iPhone
		{43FE4424-4218-4B75-9A9B-AA322AE7E207}.Debug|x86.ActiveCfg = Debug|iPhone
		{43FE4424-4218-4B75-9A9B-AA322AE7E207}.Release|Any CPU.ActiveCfg = Release|iPhone
		{43FE4424-4218-4B75-9A9B-AA322AE7E207}.Release|Any CPU.Build.0 = Release|iPhone
		{43FE4424-4218-4B75-9A9B-AA322AE7E207}.Release|ARM.ActiveCfg = Release|iPhoneSimulator
		{43FE4424-4218-4B75-9A9B-AA322AE7E207}.Release|iPhone.ActiveCfg = Release|iPhone
		{43FE4424-4218-4B75-9A9B-AA322AE7E207}.Release|iPhone.Build.0 = Release|iPhone
		{43FE4424-4218-4B75-9A9B-AA322AE7E207}.Release|iPhoneSimulator.ActiveCfg = Release|iPhoneSimulator
		{43FE4424-4218-4B75-9A9B-AA322AE7E207}.Release|iPhoneSimulator.Build.0 = Release|iPhoneSimulator
		{43FE4424-4218-4B75-9A9B-AA322AE7E207}.Release|x64.ActiveCfg = Release|iPhoneSimulator
		{43FE4424-4218-4B75-9A9B-AA322AE7E207}.Release|x86.ActiveCfg = Release|iPhoneSimulator
		{B525B630-6EF7-449C-B8FA-54A999C7BD40}.Debug|Any CPU.ActiveCfg = Debug|Any CPU
		{B525B630-6EF7-449C-B8FA-54A999C7BD40}.Debug|Any CPU.Build.0 = Debug|Any CPU
		{B525B630-6EF7-449C-B8FA-54A999C7BD40}.Debug|Any CPU.Deploy.0 = Debug|Any CPU
		{B525B630-6EF7-449C-B8FA-54A999C7BD40}.Debug|ARM.ActiveCfg = Debug|Any CPU
		{B525B630-6EF7-449C-B8FA-54A999C7BD40}.Debug|ARM.Build.0 = Debug|Any CPU
		{B525B630-6EF7-449C-B8FA-54A999C7BD40}.Debug|ARM.Deploy.0 = Debug|Any CPU
		{B525B630-6EF7-449C-B8FA-54A999C7BD40}.Debug|iPhone.ActiveCfg = Debug|Any CPU
		{B525B630-6EF7-449C-B8FA-54A999C7BD40}.Debug|iPhone.Build.0 = Debug|Any CPU
		{B525B630-6EF7-449C-B8FA-54A999C7BD40}.Debug|iPhoneSimulator.ActiveCfg = Debug|Any CPU
		{B525B630-6EF7-449C-B8FA-54A999C7BD40}.Debug|iPhoneSimulator.Build.0 = Debug|Any CPU
		{B525B630-6EF7-449C-B8FA-54A999C7BD40}.Debug|x64.ActiveCfg = Debug|Any CPU
		{B525B630-6EF7-449C-B8FA-54A999C7BD40}.Debug|x64.Build.0 = Debug|Any CPU
		{B525B630-6EF7-449C-B8FA-54A999C7BD40}.Debug|x64.Deploy.0 = Debug|Any CPU
		{B525B630-6EF7-449C-B8FA-54A999C7BD40}.Debug|x86.ActiveCfg = Debug|Any CPU
		{B525B630-6EF7-449C-B8FA-54A999C7BD40}.Debug|x86.Build.0 = Debug|Any CPU
		{B525B630-6EF7-449C-B8FA-54A999C7BD40}.Debug|x86.Deploy.0 = Debug|Any CPU
		{B525B630-6EF7-449C-B8FA-54A999C7BD40}.Release|Any CPU.ActiveCfg = Release|Any CPU
		{B525B630-6EF7-449C-B8FA-54A999C7BD40}.Release|Any CPU.Build.0 = Release|Any CPU
		{B525B630-6EF7-449C-B8FA-54A999C7BD40}.Release|ARM.ActiveCfg = Release|Any CPU
		{B525B630-6EF7-449C-B8FA-54A999C7BD40}.Release|ARM.Build.0 = Release|Any CPU
		{B525B630-6EF7-449C-B8FA-54A999C7BD40}.Release|ARM.Deploy.0 = Release|Any CPU
		{B525B630-6EF7-449C-B8FA-54A999C7BD40}.Release|iPhone.ActiveCfg = Release|Any CPU
		{B525B630-6EF7-449C-B8FA-54A999C7BD40}.Release|iPhone.Build.0 = Release|Any CPU
		{B525B630-6EF7-449C-B8FA-54A999C7BD40}.Release|iPhoneSimulator.ActiveCfg = Release|Any CPU
		{B525B630-6EF7-449C-B8FA-54A999C7BD40}.Release|iPhoneSimulator.Build.0 = Release|Any CPU
		{B525B630-6EF7-449C-B8FA-54A999C7BD40}.Release|x64.ActiveCfg = Release|Any CPU
		{B525B630-6EF7-449C-B8FA-54A999C7BD40}.Release|x64.Build.0 = Release|Any CPU
		{B525B630-6EF7-449C-B8FA-54A999C7BD40}.Release|x64.Deploy.0 = Release|Any CPU
		{B525B630-6EF7-449C-B8FA-54A999C7BD40}.Release|x86.ActiveCfg = Release|Any CPU
		{B525B630-6EF7-449C-B8FA-54A999C7BD40}.Release|x86.Build.0 = Release|Any CPU
		{B525B630-6EF7-449C-B8FA-54A999C7BD40}.Release|x86.Deploy.0 = Release|Any CPU
		{7F1A5731-B5C9-4B1C-AA18-265F6593759E}.Debug|Any CPU.ActiveCfg = Debug|x86
		{7F1A5731-B5C9-4B1C-AA18-265F6593759E}.Debug|Any CPU.Build.0 = Debug|x86
		{7F1A5731-B5C9-4B1C-AA18-265F6593759E}.Debug|Any CPU.Deploy.0 = Debug|x86
		{7F1A5731-B5C9-4B1C-AA18-265F6593759E}.Debug|ARM.ActiveCfg = Debug|ARM
		{7F1A5731-B5C9-4B1C-AA18-265F6593759E}.Debug|ARM.Build.0 = Debug|ARM
		{7F1A5731-B5C9-4B1C-AA18-265F6593759E}.Debug|ARM.Deploy.0 = Debug|ARM
		{7F1A5731-B5C9-4B1C-AA18-265F6593759E}.Debug|iPhone.ActiveCfg = Debug|x86
		{7F1A5731-B5C9-4B1C-AA18-265F6593759E}.Debug|iPhoneSimulator.ActiveCfg = Debug|x86
		{7F1A5731-B5C9-4B1C-AA18-265F6593759E}.Debug|x64.ActiveCfg = Debug|x64
		{7F1A5731-B5C9-4B1C-AA18-265F6593759E}.Debug|x64.Build.0 = Debug|x64
		{7F1A5731-B5C9-4B1C-AA18-265F6593759E}.Debug|x64.Deploy.0 = Debug|x64
		{7F1A5731-B5C9-4B1C-AA18-265F6593759E}.Debug|x86.ActiveCfg = Debug|x86
		{7F1A5731-B5C9-4B1C-AA18-265F6593759E}.Debug|x86.Build.0 = Debug|x86
		{7F1A5731-B5C9-4B1C-AA18-265F6593759E}.Debug|x86.Deploy.0 = Debug|x86
		{7F1A5731-B5C9-4B1C-AA18-265F6593759E}.Release|Any CPU.ActiveCfg = Release|x86
		{7F1A5731-B5C9-4B1C-AA18-265F6593759E}.Release|ARM.ActiveCfg = Release|ARM
		{7F1A5731-B5C9-4B1C-AA18-265F6593759E}.Release|ARM.Build.0 = Release|ARM
		{7F1A5731-B5C9-4B1C-AA18-265F6593759E}.Release|ARM.Deploy.0 = Release|ARM
		{7F1A5731-B5C9-4B1C-AA18-265F6593759E}.Release|iPhone.ActiveCfg = Release|x86
		{7F1A5731-B5C9-4B1C-AA18-265F6593759E}.Release|iPhoneSimulator.ActiveCfg = Release|x86
		{7F1A5731-B5C9-4B1C-AA18-265F6593759E}.Release|x64.ActiveCfg = Release|x64
		{7F1A5731-B5C9-4B1C-AA18-265F6593759E}.Release|x64.Build.0 = Release|x64
		{7F1A5731-B5C9-4B1C-AA18-265F6593759E}.Release|x64.Deploy.0 = Release|x64
		{7F1A5731-B5C9-4B1C-AA18-265F6593759E}.Release|x86.ActiveCfg = Release|x86
		{7F1A5731-B5C9-4B1C-AA18-265F6593759E}.Release|x86.Build.0 = Release|x86
		{7F1A5731-B5C9-4B1C-AA18-265F6593759E}.Release|x86.Deploy.0 = Release|x86
		{B81AF813-7415-4A51-9FAC-F9C516711EA5}.Debug|Any CPU.ActiveCfg = Debug|Any CPU
		{B81AF813-7415-4A51-9FAC-F9C516711EA5}.Debug|Any CPU.Build.0 = Debug|Any CPU
		{B81AF813-7415-4A51-9FAC-F9C516711EA5}.Debug|ARM.ActiveCfg = Debug|Any CPU
		{B81AF813-7415-4A51-9FAC-F9C516711EA5}.Debug|ARM.Build.0 = Debug|Any CPU
		{B81AF813-7415-4A51-9FAC-F9C516711EA5}.Debug|iPhone.ActiveCfg = Debug|Any CPU
		{B81AF813-7415-4A51-9FAC-F9C516711EA5}.Debug|iPhone.Build.0 = Debug|Any CPU
		{B81AF813-7415-4A51-9FAC-F9C516711EA5}.Debug|iPhoneSimulator.ActiveCfg = Debug|Any CPU
		{B81AF813-7415-4A51-9FAC-F9C516711EA5}.Debug|iPhoneSimulator.Build.0 = Debug|Any CPU
		{B81AF813-7415-4A51-9FAC-F9C516711EA5}.Debug|x64.ActiveCfg = Debug|Any CPU
		{B81AF813-7415-4A51-9FAC-F9C516711EA5}.Debug|x64.Build.0 = Debug|Any CPU
		{B81AF813-7415-4A51-9FAC-F9C516711EA5}.Debug|x86.ActiveCfg = Debug|Any CPU
		{B81AF813-7415-4A51-9FAC-F9C516711EA5}.Debug|x86.Build.0 = Debug|Any CPU
		{B81AF813-7415-4A51-9FAC-F9C516711EA5}.Release|Any CPU.ActiveCfg = Release|Any CPU
		{B81AF813-7415-4A51-9FAC-F9C516711EA5}.Release|Any CPU.Build.0 = Release|Any CPU
		{B81AF813-7415-4A51-9FAC-F9C516711EA5}.Release|ARM.ActiveCfg = Release|Any CPU
		{B81AF813-7415-4A51-9FAC-F9C516711EA5}.Release|ARM.Build.0 = Release|Any CPU
		{B81AF813-7415-4A51-9FAC-F9C516711EA5}.Release|iPhone.ActiveCfg = Release|Any CPU
		{B81AF813-7415-4A51-9FAC-F9C516711EA5}.Release|iPhone.Build.0 = Release|Any CPU
		{B81AF813-7415-4A51-9FAC-F9C516711EA5}.Release|iPhoneSimulator.ActiveCfg = Release|Any CPU
		{B81AF813-7415-4A51-9FAC-F9C516711EA5}.Release|iPhoneSimulator.Build.0 = Release|Any CPU
		{B81AF813-7415-4A51-9FAC-F9C516711EA5}.Release|x64.ActiveCfg = Release|Any CPU
		{B81AF813-7415-4A51-9FAC-F9C516711EA5}.Release|x64.Build.0 = Release|Any CPU
		{B81AF813-7415-4A51-9FAC-F9C516711EA5}.Release|x86.ActiveCfg = Release|Any CPU
		{B81AF813-7415-4A51-9FAC-F9C516711EA5}.Release|x86.Build.0 = Release|Any CPU
	EndGlobalSection
	GlobalSection(SolutionProperties) = preSolution
		HideSolutionNode = FALSE
	EndGlobalSection
	GlobalSection(ExtensibilityGlobals) = postSolution
		SolutionGuid = {505EDCB1-7AA6-4680-B093-E33A6DF4565B}
	EndGlobalSection
EndGlobal
